
Microsoft Visual Studio Solution File, Format Version 12.00
# Visual Studio Version 17
VisualStudioVersion = 17.0.31919.166
MinimumVisualStudioVersion = 10.0.40219.1
Project("{9A19103F-16F7-4668-BE54-9A1E7A4F7556}") = "Common", "Common\Common.csproj", "{80425DD8-2AEC-4752-BC5B-7FD2FCC83224}"
EndProject
Project("{9A19103F-16F7-4668-BE54-9A1E7A4F7556}") = "Data", "Data\Data.csproj", "{538AC1D1-CBF2-4D7D-873B-10E87634B0D3}"
EndProject
Project("{9A19103F-16F7-4668-BE54-9A1E7A4F7556}") = "API", "API\API.csproj", "{52A98D7C-0301-479D-AC60-352E0E4D71AD}"
EndProject
Project("{FAE04EC0-301F-11D3-BF4B-00C04F79EFBC}") = "SPA", "SPA\SPA.csproj", "{596261CE-5F4F-4415-96A5-AD3442C9DE9C}"
EndProject
Global
	GlobalSection(SolutionConfigurationPlatforms) = preSolution
		Debug|Any CPU = Debug|Any CPU
		Release|Any CPU = Release|Any CPU
	EndGlobalSection
	GlobalSection(ProjectConfigurationPlatforms) = postSolution
		{80425DD8-2AEC-4752-BC5B-7FD2FCC83224}.Debug|Any CPU.ActiveCfg = Debug|Any CPU
		{80425DD8-2AEC-4752-BC5B-7FD2FCC83224}.Debug|Any CPU.Build.0 = Debug|Any CPU
		{80425DD8-2AEC-4752-BC5B-7FD2FCC83224}.Release|Any CPU.ActiveCfg = Release|Any CPU
		{80425DD8-2AEC-4752-BC5B-7FD2FCC83224}.Release|Any CPU.Build.0 = Release|Any CPU
		{538AC1D1-CBF2-4D7D-873B-10E87634B0D3}.Debug|Any CPU.ActiveCfg = Debug|Any CPU
		{538AC1D1-CBF2-4D7D-873B-10E87634B0D3}.Debug|Any CPU.Build.0 = Debug|Any CPU
		{538AC1D1-CBF2-4D7D-873B-10E87634B0D3}.Release|Any CPU.ActiveCfg = Release|Any CPU
		{538AC1D1-CBF2-4D7D-873B-10E87634B0D3}.Release|Any CPU.Build.0 = Release|Any CPU
		{52A98D7C-0301-479D-AC60-352E0E4D71AD}.Debug|Any CPU.ActiveCfg = Debug|Any CPU
		{52A98D7C-0301-479D-AC60-352E0E4D71AD}.Debug|Any CPU.Build.0 = Debug|Any CPU
		{52A98D7C-0301-479D-AC60-352E0E4D71AD}.Release|Any CPU.ActiveCfg = Release|Any CPU
		{52A98D7C-0301-479D-AC60-352E0E4D71AD}.Release|Any CPU.Build.0 = Release|Any CPU
		{596261CE-5F4F-4415-96A5-AD3442C9DE9C}.Debug|Any CPU.ActiveCfg = Debug|Any CPU
		{596261CE-5F4F-4415-96A5-AD3442C9DE9C}.Debug|Any CPU.Build.0 = Debug|Any CPU
		{596261CE-5F4F-4415-96A5-AD3442C9DE9C}.Release|Any CPU.ActiveCfg = Release|Any CPU
		{596261CE-5F4F-4415-96A5-AD3442C9DE9C}.Release|Any CPU.Build.0 = Release|Any CPU
	EndGlobalSection
	GlobalSection(SolutionProperties) = preSolution
		HideSolutionNode = FALSE
	EndGlobalSection
	GlobalSection(ExtensibilityGlobals) = postSolution
		SolutionGuid = {B0D92B99-2CEF-4473-8407-E76AFEE979C2}
	EndGlobalSection
EndGlobal
